// !$*UTF8*$!
{
	archiveVersion = 1;
	classes = {
	};
	objectVersion = 48;
	objects = {

/* Begin PBXBuildFile section */
		60004C121FDA64780012FCEF /* ListTableViewCell.m in Sources */ = {isa = PBXBuildFile; fileRef = 60004C111FDA64780012FCEF /* ListTableViewCell.m */; };
		60004C191FDA65800012FCEF /* VideoListMode.m in Sources */ = {isa = PBXBuildFile; fileRef = 60004C181FDA65800012FCEF /* VideoListMode.m */; };
		6044041F1FD7E569000DA624 /* demo.mp4 in Resources */ = {isa = PBXBuildFile; fileRef = 6044041E1FD7E53A000DA624 /* demo.mp4 */; };
		604597011FD90CCB0082A263 /* AppMode.m in Sources */ = {isa = PBXBuildFile; fileRef = 604597001FD90CCB0082A263 /* AppMode.m */; };
		604597051FD93CBB0082A263 /* PlayListViewController.m in Sources */ = {isa = PBXBuildFile; fileRef = 604597041FD93CBB0082A263 /* PlayListViewController.m */; };
		6059B2781FE26AEE0052560A /* MyTools.m in Sources */ = {isa = PBXBuildFile; fileRef = 6059B2771FE26AEE0052560A /* MyTools.m */; };
		60B47DC91FD77DCF00E65992 /* AppDelegate.m in Sources */ = {isa = PBXBuildFile; fileRef = 60B47DC81FD77DCF00E65992 /* AppDelegate.m */; };
		60B47DCC1FD77DCF00E65992 /* ViewController.m in Sources */ = {isa = PBXBuildFile; fileRef = 60B47DCB1FD77DCF00E65992 /* ViewController.m */; };
		60B47DCF1FD77DCF00E65992 /* Main.storyboard in Resources */ = {isa = PBXBuildFile; fileRef = 60B47DCD1FD77DCF00E65992 /* Main.storyboard */; };
		60B47DD11FD77DCF00E65992 /* Assets.xcassets in Resources */ = {isa = PBXBuildFile; fileRef = 60B47DD01FD77DCF00E65992 /* Assets.xcassets */; };
		60B47DD41FD77DCF00E65992 /* LaunchScreen.storyboard in Resources */ = {isa = PBXBuildFile; fileRef = 60B47DD21FD77DCF00E65992 /* LaunchScreen.storyboard */; };
		60B47DD71FD77DCF00E65992 /* main.m in Sources */ = {isa = PBXBuildFile; fileRef = 60B47DD61FD77DCF00E65992 /* main.m */; };
		60B47DDF1FD77E5700E65992 /* VideoPlayerViewController.m in Sources */ = {isa = PBXBuildFile; fileRef = 60B47DDE1FD77E5700E65992 /* VideoPlayerViewController.m */; };
		60B47DE21FD77E7400E65992 /* PlayerView.m in Sources */ = {isa = PBXBuildFile; fileRef = 60B47DE11FD77E7400E65992 /* PlayerView.m */; };
		60B47DE51FD77F9F00E65992 /* AVFoundation.framework in Frameworks */ = {isa = PBXBuildFile; fileRef = 60B47DE41FD77F9200E65992 /* AVFoundation.framework */; };
		60B47DEA1FD7CAE200E65992 /* EditVideoURLViewController.m in Sources */ = {isa = PBXBuildFile; fileRef = 60B47DE91FD7CAE200E65992 /* EditVideoURLViewController.m */; };
		8767AA678EC26C699FBC42E5 /* libPods-VideoPlayer.a in Frameworks */ = {isa = PBXBuildFile; fileRef = AB9909BEC6E315357AC5649B /* libPods-VideoPlayer.a */; };
		ED0F549321A6B07F00F8A88F /* ParentViewController.m in Sources */ = {isa = PBXBuildFile; fileRef = ED0F549221A6B07F00F8A88F /* ParentViewController.m */; };
		ED2CA77E21A6A5B70099EB73 /* IJKMediaFramework.framework in Frameworks */ = {isa = PBXBuildFile; fileRef = ED2CA77D21A6A5B70099EB73 /* IJKMediaFramework.framework */; };
		ED2CA78021A6A5D70099EB73 /* libc++.tbd in Frameworks */ = {isa = PBXBuildFile; fileRef = ED2CA77F21A6A5D70099EB73 /* libc++.tbd */; };
		ED2CA78221A6A60F0099EB73 /* VideoToolbox.framework in Frameworks */ = {isa = PBXBuildFile; fileRef = ED2CA78121A6A60F0099EB73 /* VideoToolbox.framework */; };
		ED2CA78421A6A6170099EB73 /* QuartzCore.framework in Frameworks */ = {isa = PBXBuildFile; fileRef = ED2CA78321A6A6170099EB73 /* QuartzCore.framework */; };
		ED2CA78621A6A6200099EB73 /* OpenGLES.framework in Frameworks */ = {isa = PBXBuildFile; fileRef = ED2CA78521A6A61F0099EB73 /* OpenGLES.framework */; };
		ED2CA78821A6A62C0099EB73 /* MobileCoreServices.framework in Frameworks */ = {isa = PBXBuildFile; fileRef = ED2CA78721A6A62C0099EB73 /* MobileCoreServices.framework */; };
		ED2CA78A21A6A6390099EB73 /* MediaPlayer.framework in Frameworks */ = {isa = PBXBuildFile; fileRef = ED2CA78921A6A6390099EB73 /* MediaPlayer.framework */; };
		ED2CA78C21A6A6430099EB73 /* libz.tbd in Frameworks */ = {isa = PBXBuildFile; fileRef = ED2CA78B21A6A6430099EB73 /* libz.tbd */; };
		ED2CA78E21A6A6560099EB73 /* libbz2.tbd in Frameworks */ = {isa = PBXBuildFile; fileRef = ED2CA78D21A6A6560099EB73 /* libbz2.tbd */; };
		ED2CA79021A6A6610099EB73 /* CoreVideo.framework in Frameworks */ = {isa = PBXBuildFile; fileRef = ED2CA78F21A6A6610099EB73 /* CoreVideo.framework */; };
		ED2CA79221A6A66B0099EB73 /* CoreMedia.framework in Frameworks */ = {isa = PBXBuildFile; fileRef = ED2CA79121A6A66B0099EB73 /* CoreMedia.framework */; };
		ED2CA79421A6A67A0099EB73 /* CoreGraphics.framework in Frameworks */ = {isa = PBXBuildFile; fileRef = ED2CA79321A6A67A0099EB73 /* CoreGraphics.framework */; };
		ED2CA79621A6A6900099EB73 /* AudioToolbox.framework in Frameworks */ = {isa = PBXBuildFile; fileRef = ED2CA79521A6A6900099EB73 /* AudioToolbox.framework */; };
		ED2CA79E21A6A84E0099EB73 /* PlayerViewController.m in Sources */ = {isa = PBXBuildFile; fileRef = ED2CA79D21A6A84E0099EB73 /* PlayerViewController.m */; };
		ED2CA7A121A6A85C0099EB73 /* IJKFFOptionsModel.m in Sources */ = {isa = PBXBuildFile; fileRef = ED2CA7A021A6A85C0099EB73 /* IJKFFOptionsModel.m */; };
		ED412BD521AD104B00DB1112 /* install_ijkFramework in Resources */ = {isa = PBXBuildFile; fileRef = ED412BD421AD104B00DB1112 /* install_ijkFramework */; };
		ED53056D21A949D500586CB0 /* IJKOptionsSettingView.m in Sources */ = {isa = PBXBuildFile; fileRef = ED53056C21A949D500586CB0 /* IJKOptionsSettingView.m */; };
		ED53057021A94BD900586CB0 /* ChoseVideoBitRateView.m in Sources */ = {isa = PBXBuildFile; fileRef = ED53056F21A94BD900586CB0 /* ChoseVideoBitRateView.m */; };
		EDA047BD21A7933C0000825C /* PlayerControllView.m in Sources */ = {isa = PBXBuildFile; fileRef = EDA047BC21A7933C0000825C /* PlayerControllView.m */; };
/* End PBXBuildFile section */

/* Begin PBXFileReference section */
		3B9111F691614834E75E435E /* Pods-VideoPlayer.release.xcconfig */ = {isa = PBXFileReference; includeInIndex = 1; lastKnownFileType = text.xcconfig; name = "Pods-VideoPlayer.release.xcconfig"; path = "Pods/Target Support Files/Pods-VideoPlayer/Pods-VideoPlayer.release.xcconfig"; sourceTree = "<group>"; };
		60004C101FDA64780012FCEF /* ListTableViewCell.h */ = {isa = PBXFileReference; lastKnownFileType = sourcecode.c.h; path = ListTableViewCell.h; sourceTree = "<group>"; };
		60004C111FDA64780012FCEF /* ListTableViewCell.m */ = {isa = PBXFileReference; lastKnownFileType = sourcecode.c.objc; path = ListTableViewCell.m; sourceTree = "<group>"; };
		60004C171FDA65800012FCEF /* VideoListMode.h */ = {isa = PBXFileReference; lastKnownFileType = sourcecode.c.h; path = VideoListMode.h; sourceTree = "<group>"; };
		60004C181FDA65800012FCEF /* VideoListMode.m */ = {isa = PBXFileReference; lastKnownFileType = sourcecode.c.objc; path = VideoListMode.m; sourceTree = "<group>"; };
		6044041E1FD7E53A000DA624 /* demo.mp4 */ = {isa = PBXFileReference; lastKnownFileType = file; path = demo.mp4; sourceTree = "<group>"; };
		604596FF1FD90CCB0082A263 /* AppMode.h */ = {isa = PBXFileReference; lastKnownFileType = sourcecode.c.h; path = AppMode.h; sourceTree = "<group>"; };
		604597001FD90CCB0082A263 /* AppMode.m */ = {isa = PBXFileReference; lastKnownFileType = sourcecode.c.objc; path = AppMode.m; sourceTree = "<group>"; };
		604597021FD910780082A263 /* PrefixHeader.pch */ = {isa = PBXFileReference; lastKnownFileType = sourcecode.c.h; path = PrefixHeader.pch; sourceTree = "<group>"; };
		604597031FD93CBB0082A263 /* PlayListViewController.h */ = {isa = PBXFileReference; lastKnownFileType = sourcecode.c.h; path = PlayListViewController.h; sourceTree = "<group>"; };
		604597041FD93CBB0082A263 /* PlayListViewController.m */ = {isa = PBXFileReference; lastKnownFileType = sourcecode.c.objc; path = PlayListViewController.m; sourceTree = "<group>"; };
		6059B2761FE26AEE0052560A /* MyTools.h */ = {isa = PBXFileReference; lastKnownFileType = sourcecode.c.h; path = MyTools.h; sourceTree = "<group>"; };
		6059B2771FE26AEE0052560A /* MyTools.m */ = {isa = PBXFileReference; lastKnownFileType = sourcecode.c.objc; path = MyTools.m; sourceTree = "<group>"; };
		60B47DC41FD77DCF00E65992 /* VideoPlayer.app */ = {isa = PBXFileReference; explicitFileType = wrapper.application; includeInIndex = 0; path = VideoPlayer.app; sourceTree = BUILT_PRODUCTS_DIR; };
		60B47DC71FD77DCF00E65992 /* AppDelegate.h */ = {isa = PBXFileReference; lastKnownFileType = sourcecode.c.h; path = AppDelegate.h; sourceTree = "<group>"; };
		60B47DC81FD77DCF00E65992 /* AppDelegate.m */ = {isa = PBXFileReference; lastKnownFileType = sourcecode.c.objc; path = AppDelegate.m; sourceTree = "<group>"; };
		60B47DCA1FD77DCF00E65992 /* ViewController.h */ = {isa = PBXFileReference; lastKnownFileType = sourcecode.c.h; path = ViewController.h; sourceTree = "<group>"; };
		60B47DCB1FD77DCF00E65992 /* ViewController.m */ = {isa = PBXFileReference; lastKnownFileType = sourcecode.c.objc; path = ViewController.m; sourceTree = "<group>"; };
		60B47DCE1FD77DCF00E65992 /* Base */ = {isa = PBXFileReference; lastKnownFileType = file.storyboard; name = Base; path = Base.lproj/Main.storyboard; sourceTree = "<group>"; };
		60B47DD01FD77DCF00E65992 /* Assets.xcassets */ = {isa = PBXFileReference; lastKnownFileType = folder.assetcatalog; path = Assets.xcassets; sourceTree = "<group>"; };
		60B47DD31FD77DCF00E65992 /* Base */ = {isa = PBXFileReference; lastKnownFileType = file.storyboard; name = Base; path = Base.lproj/LaunchScreen.storyboard; sourceTree = "<group>"; };
		60B47DD51FD77DCF00E65992 /* Info.plist */ = {isa = PBXFileReference; lastKnownFileType = text.plist.xml; path = Info.plist; sourceTree = "<group>"; };
		60B47DD61FD77DCF00E65992 /* main.m */ = {isa = PBXFileReference; lastKnownFileType = sourcecode.c.objc; path = main.m; sourceTree = "<group>"; };
		60B47DDD1FD77E5700E65992 /* VideoPlayerViewController.h */ = {isa = PBXFileReference; lastKnownFileType = sourcecode.c.h; path = VideoPlayerViewController.h; sourceTree = "<group>"; };
		60B47DDE1FD77E5700E65992 /* VideoPlayerViewController.m */ = {isa = PBXFileReference; lastKnownFileType = sourcecode.c.objc; path = VideoPlayerViewController.m; sourceTree = "<group>"; };
		60B47DE01FD77E7400E65992 /* PlayerView.h */ = {isa = PBXFileReference; lastKnownFileType = sourcecode.c.h; path = PlayerView.h; sourceTree = "<group>"; };
		60B47DE11FD77E7400E65992 /* PlayerView.m */ = {isa = PBXFileReference; lastKnownFileType = sourcecode.c.objc; path = PlayerView.m; sourceTree = "<group>"; };
		60B47DE41FD77F9200E65992 /* AVFoundation.framework */ = {isa = PBXFileReference; lastKnownFileType = wrapper.framework; name = AVFoundation.framework; path = System/Library/Frameworks/AVFoundation.framework; sourceTree = SDKROOT; };
		60B47DE81FD7CAE200E65992 /* EditVideoURLViewController.h */ = {isa = PBXFileReference; lastKnownFileType = sourcecode.c.h; path = EditVideoURLViewController.h; sourceTree = "<group>"; };
		60B47DE91FD7CAE200E65992 /* EditVideoURLViewController.m */ = {isa = PBXFileReference; lastKnownFileType = sourcecode.c.objc; path = EditVideoURLViewController.m; sourceTree = "<group>"; };
		AB9909BEC6E315357AC5649B /* libPods-VideoPlayer.a */ = {isa = PBXFileReference; explicitFileType = archive.ar; includeInIndex = 0; path = "libPods-VideoPlayer.a"; sourceTree = BUILT_PRODUCTS_DIR; };
		D2F6310A377DEBFA01227879 /* Pods-VideoPlayer.debug.xcconfig */ = {isa = PBXFileReference; includeInIndex = 1; lastKnownFileType = text.xcconfig; name = "Pods-VideoPlayer.debug.xcconfig"; path = "Pods/Target Support Files/Pods-VideoPlayer/Pods-VideoPlayer.debug.xcconfig"; sourceTree = "<group>"; };
		ED0F549121A6B07F00F8A88F /* ParentViewController.h */ = {isa = PBXFileReference; lastKnownFileType = sourcecode.c.h; path = ParentViewController.h; sourceTree = "<group>"; };
		ED0F549221A6B07F00F8A88F /* ParentViewController.m */ = {isa = PBXFileReference; lastKnownFileType = sourcecode.c.objc; path = ParentViewController.m; sourceTree = "<group>"; };
		ED2CA77D21A6A5B70099EB73 /* IJKMediaFramework.framework */ = {isa = PBXFileReference; lastKnownFileType = wrapper.framework; path = IJKMediaFramework.framework; sourceTree = "<group>"; };
		ED2CA77F21A6A5D70099EB73 /* libc++.tbd */ = {isa = PBXFileReference; lastKnownFileType = "sourcecode.text-based-dylib-definition"; name = "libc++.tbd"; path = "usr/lib/libc++.tbd"; sourceTree = SDKROOT; };
		ED2CA78121A6A60F0099EB73 /* VideoToolbox.framework */ = {isa = PBXFileReference; lastKnownFileType = wrapper.framework; name = VideoToolbox.framework; path = System/Library/Frameworks/VideoToolbox.framework; sourceTree = SDKROOT; };
		ED2CA78321A6A6170099EB73 /* QuartzCore.framework */ = {isa = PBXFileReference; lastKnownFileType = wrapper.framework; name = QuartzCore.framework; path = System/Library/Frameworks/QuartzCore.framework; sourceTree = SDKROOT; };
		ED2CA78521A6A61F0099EB73 /* OpenGLES.framework */ = {isa = PBXFileReference; lastKnownFileType = wrapper.framework; name = OpenGLES.framework; path = System/Library/Frameworks/OpenGLES.framework; sourceTree = SDKROOT; };
		ED2CA78721A6A62C0099EB73 /* MobileCoreServices.framework */ = {isa = PBXFileReference; lastKnownFileType = wrapper.framework; name = MobileCoreServices.framework; path = System/Library/Frameworks/MobileCoreServices.framework; sourceTree = SDKROOT; };
		ED2CA78921A6A6390099EB73 /* MediaPlayer.framework */ = {isa = PBXFileReference; lastKnownFileType = wrapper.framework; name = MediaPlayer.framework; path = System/Library/Frameworks/MediaPlayer.framework; sourceTree = SDKROOT; };
		ED2CA78B21A6A6430099EB73 /* libz.tbd */ = {isa = PBXFileReference; lastKnownFileType = "sourcecode.text-based-dylib-definition"; name = libz.tbd; path = usr/lib/libz.tbd; sourceTree = SDKROOT; };
		ED2CA78D21A6A6560099EB73 /* libbz2.tbd */ = {isa = PBXFileReference; lastKnownFileType = "sourcecode.text-based-dylib-definition"; name = libbz2.tbd; path = usr/lib/libbz2.tbd; sourceTree = SDKROOT; };
		ED2CA78F21A6A6610099EB73 /* CoreVideo.framework */ = {isa = PBXFileReference; lastKnownFileType = wrapper.framework; name = CoreVideo.framework; path = System/Library/Frameworks/CoreVideo.framework; sourceTree = SDKROOT; };
		ED2CA79121A6A66B0099EB73 /* CoreMedia.framework */ = {isa = PBXFileReference; lastKnownFileType = wrapper.framework; name = CoreMedia.framework; path = System/Library/Frameworks/CoreMedia.framework; sourceTree = SDKROOT; };
		ED2CA79321A6A67A0099EB73 /* CoreGraphics.framework */ = {isa = PBXFileReference; lastKnownFileType = wrapper.framework; name = CoreGraphics.framework; path = System/Library/Frameworks/CoreGraphics.framework; sourceTree = SDKROOT; };
		ED2CA79521A6A6900099EB73 /* AudioToolbox.framework */ = {isa = PBXFileReference; lastKnownFileType = wrapper.framework; name = AudioToolbox.framework; path = System/Library/Frameworks/AudioToolbox.framework; sourceTree = SDKROOT; };
		ED2CA79C21A6A84E0099EB73 /* PlayerViewController.h */ = {isa = PBXFileReference; fileEncoding = 4; lastKnownFileType = sourcecode.c.h; path = PlayerViewController.h; sourceTree = "<group>"; };
		ED2CA79D21A6A84E0099EB73 /* PlayerViewController.m */ = {isa = PBXFileReference; fileEncoding = 4; lastKnownFileType = sourcecode.c.objc; path = PlayerViewController.m; sourceTree = "<group>"; };
		ED2CA79F21A6A85C0099EB73 /* IJKFFOptionsModel.h */ = {isa = PBXFileReference; fileEncoding = 4; lastKnownFileType = sourcecode.c.h; path = IJKFFOptionsModel.h; sourceTree = "<group>"; };
		ED2CA7A021A6A85C0099EB73 /* IJKFFOptionsModel.m */ = {isa = PBXFileReference; fileEncoding = 4; lastKnownFileType = sourcecode.c.objc; path = IJKFFOptionsModel.m; sourceTree = "<group>"; };
		ED412BD421AD104B00DB1112 /* install_ijkFramework */ = {isa = PBXFileReference; lastKnownFileType = text; path = install_ijkFramework; sourceTree = "<group>"; };
		ED53056B21A949D500586CB0 /* IJKOptionsSettingView.h */ = {isa = PBXFileReference; lastKnownFileType = sourcecode.c.h; path = IJKOptionsSettingView.h; sourceTree = "<group>"; };
		ED53056C21A949D500586CB0 /* IJKOptionsSettingView.m */ = {isa = PBXFileReference; lastKnownFileType = sourcecode.c.objc; path = IJKOptionsSettingView.m; sourceTree = "<group>"; };
		ED53056E21A94BD900586CB0 /* ChoseVideoBitRateView.h */ = {isa = PBXFileReference; lastKnownFileType = sourcecode.c.h; path = ChoseVideoBitRateView.h; sourceTree = "<group>"; };
		ED53056F21A94BD900586CB0 /* ChoseVideoBitRateView.m */ = {isa = PBXFileReference; lastKnownFileType = sourcecode.c.objc; path = ChoseVideoBitRateView.m; sourceTree = "<group>"; };
		EDA047BB21A7933C0000825C /* PlayerControllView.h */ = {isa = PBXFileReference; lastKnownFileType = sourcecode.c.h; path = PlayerControllView.h; sourceTree = "<group>"; };
		EDA047BC21A7933C0000825C /* PlayerControllView.m */ = {isa = PBXFileReference; lastKnownFileType = sourcecode.c.objc; path = PlayerControllView.m; sourceTree = "<group>"; };
/* End PBXFileReference section */

/* Begin PBXFrameworksBuildPhase section */
		60B47DC11FD77DCF00E65992 /* Frameworks */ = {
			isa = PBXFrameworksBuildPhase;
			buildActionMask = 2147483647;
			files = (
				ED2CA79621A6A6900099EB73 /* AudioToolbox.framework in Frameworks */,
				ED2CA79421A6A67A0099EB73 /* CoreGraphics.framework in Frameworks */,
				ED2CA79221A6A66B0099EB73 /* CoreMedia.framework in Frameworks */,
				ED2CA79021A6A6610099EB73 /* CoreVideo.framework in Frameworks */,
				ED2CA78E21A6A6560099EB73 /* libbz2.tbd in Frameworks */,
				ED2CA78C21A6A6430099EB73 /* libz.tbd in Frameworks */,
				ED2CA78A21A6A6390099EB73 /* MediaPlayer.framework in Frameworks */,
				ED2CA78821A6A62C0099EB73 /* MobileCoreServices.framework in Frameworks */,
				ED2CA78621A6A6200099EB73 /* OpenGLES.framework in Frameworks */,
				ED2CA78421A6A6170099EB73 /* QuartzCore.framework in Frameworks */,
				ED2CA78221A6A60F0099EB73 /* VideoToolbox.framework in Frameworks */,
				ED2CA78021A6A5D70099EB73 /* libc++.tbd in Frameworks */,
				ED2CA77E21A6A5B70099EB73 /* IJKMediaFramework.framework in Frameworks */,
				60B47DE51FD77F9F00E65992 /* AVFoundation.framework in Frameworks */,
				8767AA678EC26C699FBC42E5 /* libPods-VideoPlayer.a in Frameworks */,
			);
			runOnlyForDeploymentPostprocessing = 0;
		};
/* End PBXFrameworksBuildPhase section */

/* Begin PBXGroup section */
		60004C131FDA64E30012FCEF /* resours */ = {
			isa = PBXGroup;
			children = (
				6044041E1FD7E53A000DA624 /* demo.mp4 */,
			);
			path = resours;
			sourceTree = "<group>";
		};
		60004C141FDA65000012FCEF /* Controller */ = {
			isa = PBXGroup;
			children = (
				60B47DE81FD7CAE200E65992 /* EditVideoURLViewController.h */,
				60B47DE91FD7CAE200E65992 /* EditVideoURLViewController.m */,
				604597031FD93CBB0082A263 /* PlayListViewController.h */,
				604597041FD93CBB0082A263 /* PlayListViewController.m */,
				60B47DCA1FD77DCF00E65992 /* ViewController.h */,
				60B47DCB1FD77DCF00E65992 /* ViewController.m */,
				60B47DDD1FD77E5700E65992 /* VideoPlayerViewController.h */,
				60B47DDE1FD77E5700E65992 /* VideoPlayerViewController.m */,
				ED0F549121A6B07F00F8A88F /* ParentViewController.h */,
				ED0F549221A6B07F00F8A88F /* ParentViewController.m */,
			);
			path = Controller;
			sourceTree = "<group>";
		};
		60004C151FDA65240012FCEF /* View */ = {
			isa = PBXGroup;
			children = (
				60004C101FDA64780012FCEF /* ListTableViewCell.h */,
				60004C111FDA64780012FCEF /* ListTableViewCell.m */,
				60B47DE01FD77E7400E65992 /* PlayerView.h */,
				60B47DE11FD77E7400E65992 /* PlayerView.m */,
			);
			path = View;
			sourceTree = "<group>";
		};
		60004C161FDA65490012FCEF /* Mode */ = {
			isa = PBXGroup;
			children = (
				604596FF1FD90CCB0082A263 /* AppMode.h */,
				604597001FD90CCB0082A263 /* AppMode.m */,
				60004C171FDA65800012FCEF /* VideoListMode.h */,
				60004C181FDA65800012FCEF /* VideoListMode.m */,
			);
			path = Mode;
			sourceTree = "<group>";
		};
		6059B2791FE26B010052560A /* Tools */ = {
			isa = PBXGroup;
			children = (
				6059B2761FE26AEE0052560A /* MyTools.h */,
				6059B2771FE26AEE0052560A /* MyTools.m */,
			);
			path = Tools;
			sourceTree = "<group>";
		};
		60B47DBB1FD77DCF00E65992 = {
			isa = PBXGroup;
			children = (
				60B47DC61FD77DCF00E65992 /* VideoPlayer */,
				60B47DC51FD77DCF00E65992 /* Products */,
				60B47DE31FD77F9200E65992 /* Frameworks */,
				838ACF6408BA03DD82FE8F8F /* Pods */,
			);
			sourceTree = "<group>";
		};
		60B47DC51FD77DCF00E65992 /* Products */ = {
			isa = PBXGroup;
			children = (
				60B47DC41FD77DCF00E65992 /* VideoPlayer.app */,
			);
			name = Products;
			sourceTree = "<group>";
		};
		60B47DC61FD77DCF00E65992 /* VideoPlayer */ = {
			isa = PBXGroup;
			children = (
				ED2CA77B21A6A5590099EB73 /* IJKPlayer */,
				6059B2791FE26B010052560A /* Tools */,
				60004C161FDA65490012FCEF /* Mode */,
				60004C151FDA65240012FCEF /* View */,
				60004C141FDA65000012FCEF /* Controller */,
				60004C131FDA64E30012FCEF /* resours */,
				60B47DC71FD77DCF00E65992 /* AppDelegate.h */,
				60B47DC81FD77DCF00E65992 /* AppDelegate.m */,
				604597021FD910780082A263 /* PrefixHeader.pch */,
				60B47DCD1FD77DCF00E65992 /* Main.storyboard */,
				60B47DD01FD77DCF00E65992 /* Assets.xcassets */,
				60B47DD21FD77DCF00E65992 /* LaunchScreen.storyboard */,
				60B47DD51FD77DCF00E65992 /* Info.plist */,
				60B47DD61FD77DCF00E65992 /* main.m */,
			);
			path = VideoPlayer;
			sourceTree = "<group>";
		};
		60B47DE31FD77F9200E65992 /* Frameworks */ = {
			isa = PBXGroup;
			children = (
				ED2CA79521A6A6900099EB73 /* AudioToolbox.framework */,
				ED2CA79321A6A67A0099EB73 /* CoreGraphics.framework */,
				ED2CA79121A6A66B0099EB73 /* CoreMedia.framework */,
				ED2CA78F21A6A6610099EB73 /* CoreVideo.framework */,
				ED2CA78D21A6A6560099EB73 /* libbz2.tbd */,
				ED2CA78B21A6A6430099EB73 /* libz.tbd */,
				ED2CA78921A6A6390099EB73 /* MediaPlayer.framework */,
				ED2CA78721A6A62C0099EB73 /* MobileCoreServices.framework */,
				ED2CA78521A6A61F0099EB73 /* OpenGLES.framework */,
				ED2CA78321A6A6170099EB73 /* QuartzCore.framework */,
				ED2CA78121A6A60F0099EB73 /* VideoToolbox.framework */,
				ED2CA77F21A6A5D70099EB73 /* libc++.tbd */,
				60B47DE41FD77F9200E65992 /* AVFoundation.framework */,
				AB9909BEC6E315357AC5649B /* libPods-VideoPlayer.a */,
			);
			name = Frameworks;
			sourceTree = "<group>";
		};
		838ACF6408BA03DD82FE8F8F /* Pods */ = {
			isa = PBXGroup;
			children = (
				D2F6310A377DEBFA01227879 /* Pods-VideoPlayer.debug.xcconfig */,
				3B9111F691614834E75E435E /* Pods-VideoPlayer.release.xcconfig */,
			);
			name = Pods;
			sourceTree = "<group>";
		};
		ED2CA77B21A6A5590099EB73 /* IJKPlayer */ = {
			isa = PBXGroup;
			children = (
				EDA047BA21A792940000825C /* view */,
				ED2CA79821A6A7A00099EB73 /* model */,
				ED2CA79721A6A77C0099EB73 /* Controller */,
				ED2CA77C21A6A57E0099EB73 /* framework */,
			);
			path = IJKPlayer;
			sourceTree = "<group>";
		};
		ED2CA77C21A6A57E0099EB73 /* framework */ = {
			isa = PBXGroup;
			children = (
				ED2CA77D21A6A5B70099EB73 /* IJKMediaFramework.framework */,
				ED412BD421AD104B00DB1112 /* install_ijkFramework */,
			);
			path = framework;
			sourceTree = "<group>";
		};
		ED2CA79721A6A77C0099EB73 /* Controller */ = {
			isa = PBXGroup;
			children = (
				ED2CA79C21A6A84E0099EB73 /* PlayerViewController.h */,
				ED2CA79D21A6A84E0099EB73 /* PlayerViewController.m */,
			);
			path = Controller;
			sourceTree = "<group>";
		};
		ED2CA79821A6A7A00099EB73 /* model */ = {
			isa = PBXGroup;
			children = (
				ED2CA79F21A6A85C0099EB73 /* IJKFFOptionsModel.h */,
				ED2CA7A021A6A85C0099EB73 /* IJKFFOptionsModel.m */,
			);
			path = model;
			sourceTree = "<group>";
		};
		EDA047BA21A792940000825C /* view */ = {
			isa = PBXGroup;
			children = (
				EDA047BB21A7933C0000825C /* PlayerControllView.h */,
				EDA047BC21A7933C0000825C /* PlayerControllView.m */,
				ED53056E21A94BD900586CB0 /* ChoseVideoBitRateView.h */,
				ED53056F21A94BD900586CB0 /* ChoseVideoBitRateView.m */,
				ED53056B21A949D500586CB0 /* IJKOptionsSettingView.h */,
				ED53056C21A949D500586CB0 /* IJKOptionsSettingView.m */,
			);
			path = view;
			sourceTree = "<group>";
		};
/* End PBXGroup section */

/* Begin PBXNativeTarget section */
		60B47DC31FD77DCF00E65992 /* VideoPlayer */ = {
			isa = PBXNativeTarget;
			buildConfigurationList = 60B47DDA1FD77DCF00E65992 /* Build configuration list for PBXNativeTarget "VideoPlayer" */;
			buildPhases = (
				723B31BB51F63E7637E15A53 /* [CP] Check Pods Manifest.lock */,
				60B47DC01FD77DCF00E65992 /* Sources */,
				60B47DC11FD77DCF00E65992 /* Frameworks */,
				60B47DC21FD77DCF00E65992 /* Resources */,
			);
			buildRules = (
			);
			dependencies = (
			);
			name = VideoPlayer;
			productName = VideoPlayer;
			productReference = 60B47DC41FD77DCF00E65992 /* VideoPlayer.app */;
			productType = "com.apple.product-type.application";
		};
/* End PBXNativeTarget section */

/* Begin PBXProject section */
		60B47DBC1FD77DCF00E65992 /* Project object */ = {
			isa = PBXProject;
			attributes = {
				LastUpgradeCheck = 0910;
				ORGANIZATIONNAME = ydd;
				TargetAttributes = {
					60B47DC31FD77DCF00E65992 = {
						CreatedOnToolsVersion = 9.1;
						ProvisioningStyle = Automatic;
					};
				};
			};
			buildConfigurationList = 60B47DBF1FD77DCF00E65992 /* Build configuration list for PBXProject "VideoPlayer" */;
			compatibilityVersion = "Xcode 8.0";
			developmentRegion = en;
			hasScannedForEncodings = 0;
			knownRegions = (
				en,
				Base,
			);
			mainGroup = 60B47DBB1FD77DCF00E65992;
			productRefGroup = 60B47DC51FD77DCF00E65992 /* Products */;
			projectDirPath = "";
			projectRoot = "";
			targets = (
				60B47DC31FD77DCF00E65992 /* VideoPlayer */,
			);
		};
/* End PBXProject section */

/* Begin PBXResourcesBuildPhase section */
		60B47DC21FD77DCF00E65992 /* Resources */ = {
			isa = PBXResourcesBuildPhase;
			buildActionMask = 2147483647;
			files = (
				ED412BD521AD104B00DB1112 /* install_ijkFramework in Resources */,
				6044041F1FD7E569000DA624 /* demo.mp4 in Resources */,
				60B47DD41FD77DCF00E65992 /* LaunchScreen.storyboard in Resources */,
				60B47DD11FD77DCF00E65992 /* Assets.xcassets in Resources */,
				60B47DCF1FD77DCF00E65992 /* Main.storyboard in Resources */,
			);
			runOnlyForDeploymentPostprocessing = 0;
		};
/* End PBXResourcesBuildPhase section */

/* Begin PBXShellScriptBuildPhase section */
		723B31BB51F63E7637E15A53 /* [CP] Check Pods Manifest.lock */ = {
			isa = PBXShellScriptBuildPhase;
			buildActionMask = 2147483647;
			files = (
			);
			inputPaths = (
				"${PODS_PODFILE_DIR_PATH}/Podfile.lock",
				"${PODS_ROOT}/Manifest.lock",
			);
			name = "[CP] Check Pods Manifest.lock";
			outputPaths = (
				"$(DERIVED_FILE_DIR)/Pods-VideoPlayer-checkManifestLockResult.txt",
			);
			runOnlyForDeploymentPostprocessing = 0;
			shellPath = /bin/sh;
			shellScript = "diff \"${PODS_PODFILE_DIR_PATH}/Podfile.lock\" \"${PODS_ROOT}/Manifest.lock\" > /dev/null\nif [ $? != 0 ] ; then\n    # print error to STDERR\n    echo \"error: The sandbox is not in sync with the Podfile.lock. Run 'pod install' or update your CocoaPods installation.\" >&2\n    exit 1\nfi\n# This output is used by Xcode 'outputs' to avoid re-running this script phase.\necho \"SUCCESS\" > \"${SCRIPT_OUTPUT_FILE_0}\"\n";
			showEnvVarsInLog = 0;
		};
/* End PBXShellScriptBuildPhase section */

/* Begin PBXSourcesBuildPhase section */
		60B47DC01FD77DCF00E65992 /* Sources */ = {
			isa = PBXSourcesBuildPhase;
			buildActionMask = 2147483647;
			files = (
				60004C121FDA64780012FCEF /* ListTableViewCell.m in Sources */,
				60B47DCC1FD77DCF00E65992 /* ViewController.m in Sources */,
				ED0F549321A6B07F00F8A88F /* ParentViewController.m in Sources */,
				60B47DDF1FD77E5700E65992 /* VideoPlayerViewController.m in Sources */,
				ED53057021A94BD900586CB0 /* ChoseVideoBitRateView.m in Sources */,
				60B47DEA1FD7CAE200E65992 /* EditVideoURLViewController.m in Sources */,
				ED53056D21A949D500586CB0 /* IJKOptionsSettingView.m in Sources */,
				60004C191FDA65800012FCEF /* VideoListMode.m in Sources */,
				EDA047BD21A7933C0000825C /* PlayerControllView.m in Sources */,
				ED2CA7A121A6A85C0099EB73 /* IJKFFOptionsModel.m in Sources */,
				ED2CA79E21A6A84E0099EB73 /* PlayerViewController.m in Sources */,
				60B47DD71FD77DCF00E65992 /* main.m in Sources */,
				6059B2781FE26AEE0052560A /* MyTools.m in Sources */,
				604597051FD93CBB0082A263 /* PlayListViewController.m in Sources */,
				60B47DC91FD77DCF00E65992 /* AppDelegate.m in Sources */,
				604597011FD90CCB0082A263 /* AppMode.m in Sources */,
				60B47DE21FD77E7400E65992 /* PlayerView.m in Sources */,
			);
			runOnlyForDeploymentPostprocessing = 0;
		};
/* End PBXSourcesBuildPhase section */

/* Begin PBXVariantGroup section */
		60B47DCD1FD77DCF00E65992 /* Main.storyboard */ = {
			isa = PBXVariantGroup;
			children = (
				60B47DCE1FD77DCF00E65992 /* Base */,
			);
			name = Main.storyboard;
			sourceTree = "<group>";
		};
		60B47DD21FD77DCF00E65992 /* LaunchScreen.storyboard */ = {
			isa = PBXVariantGroup;
			children = (
				60B47DD31FD77DCF00E65992 /* Base */,
			);
			name = LaunchScreen.storyboard;
			sourceTree = "<group>";
		};
/* End PBXVariantGroup section */

/* Begin XCBuildConfiguration section */
		60B47DD81FD77DCF00E65992 /* Debug */ = {
			isa = XCBuildConfiguration;
			buildSettings = {
				ALWAYS_SEARCH_USER_PATHS = NO;
				CLANG_ANALYZER_NONNULL = YES;
				CLANG_ANALYZER_NUMBER_OBJECT_CONVERSION = YES_AGGRESSIVE;
				CLANG_CXX_LANGUAGE_STANDARD = "gnu++14";
				CLANG_CXX_LIBRARY = "libc++";
				CLANG_ENABLE_MODULES = YES;
				CLANG_ENABLE_OBJC_ARC = YES;
				CLANG_WARN_BLOCK_CAPTURE_AUTORELEASING = YES;
				CLANG_WARN_BOOL_CONVERSION = YES;
				CLANG_WARN_COMMA = YES;
				CLANG_WARN_CONSTANT_CONVERSION = YES;
				CLANG_WARN_DIRECT_OBJC_ISA_USAGE = YES_ERROR;
				CLANG_WARN_DOCUMENTATION_COMMENTS = YES;
				CLANG_WARN_EMPTY_BODY = YES;
				CLANG_WARN_ENUM_CONVERSION = YES;
				CLANG_WARN_INFINITE_RECURSION = YES;
				CLANG_WARN_INT_CONVERSION = YES;
				CLANG_WARN_NON_LITERAL_NULL_CONVERSION = YES;
				CLANG_WARN_OBJC_LITERAL_CONVERSION = YES;
				CLANG_WARN_OBJC_ROOT_CLASS = YES_ERROR;
				CLANG_WARN_RANGE_LOOP_ANALYSIS = YES;
				CLANG_WARN_STRICT_PROTOTYPES = YES;
				CLANG_WARN_SUSPICIOUS_MOVE = YES;
				CLANG_WARN_UNGUARDED_AVAILABILITY = YES_AGGRESSIVE;
				CLANG_WARN_UNREACHABLE_CODE = YES;
				CLANG_WARN__DUPLICATE_METHOD_MATCH = YES;
				CODE_SIGN_IDENTITY = "iPhone Developer";
				COPY_PHASE_STRIP = NO;
				DEBUG_INFORMATION_FORMAT = dwarf;
				ENABLE_STRICT_OBJC_MSGSEND = YES;
				ENABLE_TESTABILITY = YES;
				GCC_C_LANGUAGE_STANDARD = gnu11;
				GCC_DYNAMIC_NO_PIC = NO;
				GCC_NO_COMMON_BLOCKS = YES;
				GCC_OPTIMIZATION_LEVEL = 0;
				GCC_PREPROCESSOR_DEFINITIONS = (
					"DEBUG=1",
					"$(inherited)",
				);
				GCC_WARN_64_TO_32_BIT_CONVERSION = YES;
				GCC_WARN_ABOUT_RETURN_TYPE = YES_ERROR;
				GCC_WARN_UNDECLARED_SELECTOR = YES;
				GCC_WARN_UNINITIALIZED_AUTOS = YES_AGGRESSIVE;
				GCC_WARN_UNUSED_FUNCTION = YES;
				GCC_WARN_UNUSED_VARIABLE = YES;
				IPHONEOS_DEPLOYMENT_TARGET = 11.1;
				MTL_ENABLE_DEBUG_INFO = YES;
				ONLY_ACTIVE_ARCH = YES;
				SDKROOT = iphoneos;
			};
			name = Debug;
		};
		60B47DD91FD77DCF00E65992 /* Release */ = {
			isa = XCBuildConfiguration;
			buildSettings = {
				ALWAYS_SEARCH_USER_PATHS = NO;
				CLANG_ANALYZER_NONNULL = YES;
				CLANG_ANALYZER_NUMBER_OBJECT_CONVERSION = YES_AGGRESSIVE;
				CLANG_CXX_LANGUAGE_STANDARD = "gnu++14";
				CLANG_CXX_LIBRARY = "libc++";
				CLANG_ENABLE_MODULES = YES;
				CLANG_ENABLE_OBJC_ARC = YES;
				CLANG_WARN_BLOCK_CAPTURE_AUTORELEASING = YES;
				CLANG_WARN_BOOL_CONVERSION = YES;
				CLANG_WARN_COMMA = YES;
				CLANG_WARN_CONSTANT_CONVERSION = YES;
				CLANG_WARN_DIRECT_OBJC_ISA_USAGE = YES_ERROR;
				CLANG_WARN_DOCUMENTATION_COMMENTS = YES;
				CLANG_WARN_EMPTY_BODY = YES;
				CLANG_WARN_ENUM_CONVERSION = YES;
				CLANG_WARN_INFINITE_RECURSION = YES;
				CLANG_WARN_INT_CONVERSION = YES;
				CLANG_WARN_NON_LITERAL_NULL_CONVERSION = YES;
				CLANG_WARN_OBJC_LITERAL_CONVERSION = YES;
				CLANG_WARN_OBJC_ROOT_CLASS = YES_ERROR;
				CLANG_WARN_RANGE_LOOP_ANALYSIS = YES;
				CLANG_WARN_STRICT_PROTOTYPES = YES;
				CLANG_WARN_SUSPICIOUS_MOVE = YES;
				CLANG_WARN_UNGUARDED_AVAILABILITY = YES_AGGRESSIVE;
				CLANG_WARN_UNREACHABLE_CODE = YES;
				CLANG_WARN__DUPLICATE_METHOD_MATCH = YES;
				CODE_SIGN_IDENTITY = "iPhone Developer";
				COPY_PHASE_STRIP = NO;
				DEBUG_INFORMATION_FORMAT = "dwarf-with-dsym";
				ENABLE_NS_ASSERTIONS = NO;
				ENABLE_STRICT_OBJC_MSGSEND = YES;
				GCC_C_LANGUAGE_STANDARD = gnu11;
				GCC_NO_COMMON_BLOCKS = YES;
				GCC_WARN_64_TO_32_BIT_CONVERSION = YES;
				GCC_WARN_ABOUT_RETURN_TYPE = YES_ERROR;
				GCC_WARN_UNDECLARED_SELECTOR = YES;
				GCC_WARN_UNINITIALIZED_AUTOS = YES_AGGRESSIVE;
				GCC_WARN_UNUSED_FUNCTION = YES;
				GCC_WARN_UNUSED_VARIABLE = YES;
				IPHONEOS_DEPLOYMENT_TARGET = 11.1;
				MTL_ENABLE_DEBUG_INFO = NO;
				SDKROOT = iphoneos;
				VALIDATE_PRODUCT = YES;
			};
			name = Release;
		};
		60B47DDB1FD77DCF00E65992 /* Debug */ = {
			isa = XCBuildConfiguration;
			baseConfigurationReference = D2F6310A377DEBFA01227879 /* Pods-VideoPlayer.debug.xcconfig */;
			buildSettings = {
				ASSETCATALOG_COMPILER_APPICON_NAME = AppIcon;
				ASSETCATALOG_COMPILER_LAUNCHIMAGE_NAME = "LaunchImage-1";
				"CODE_SIGN_IDENTITY[sdk=iphoneos*]" = "iPhone Developer";
				CODE_SIGN_STYLE = Automatic;
				DEVELOPMENT_TEAM = 8F7D4C878S;
				FRAMEWORK_SEARCH_PATHS = (
					"$(inherited)",
					"$(PROJECT_DIR)/VideoPlayer/IJKPlayer/framework",
				);
				GCC_PRECOMPILE_PREFIX_HEADER = YES;
				GCC_PREFIX_HEADER = VideoPlayer/PrefixHeader.pch;
				INFOPLIST_FILE = VideoPlayer/Info.plist;
				IPHONEOS_DEPLOYMENT_TARGET = 8.0;
				LD_RUNPATH_SEARCH_PATHS = "$(inherited) @executable_path/Frameworks";
				PRODUCT_BUNDLE_IDENTIFIER = com.ydd.demo.live;
				PRODUCT_NAME = "$(TARGET_NAME)";
				PROVISIONING_PROFILE = "";
				PROVISIONING_PROFILE_SPECIFIER = "";
				TARGETED_DEVICE_FAMILY = 1;
				USER_HEADER_SEARCH_PATHS = "${SRCROOT}/**";
				VALID_ARCHS = "arm64 armv7s";
			};
			name = Debug;
		};
		60B47DDC1FD77DCF00E65992 /* Release */ = {
			isa = XCBuildConfiguration;
			baseConfigurationReference = 3B9111F691614834E75E435E /* Pods-VideoPlayer.release.xcconfig */;
			buildSettings = {
				ASSETCATALOG_COMPILER_APPICON_NAME = AppIcon;
				ASSETCATALOG_COMPILER_LAUNCHIMAGE_NAME = "LaunchImage-1";
				"CODE_SIGN_IDENTITY[sdk=iphoneos*]" = "iPhone Developer";
				CODE_SIGN_STYLE = Automatic;
				DEVELOPMENT_TEAM = 8F7D4C878S;
				FRAMEWORK_SEARCH_PATHS = (
					"$(inherited)",
					"$(PROJECT_DIR)/VideoPlayer/IJKPlayer/framework",
				);
				GCC_PRECOMPILE_PREFIX_HEADER = YES;
				GCC_PREFIX_HEADER = VideoPlayer/PrefixHeader.pch;
				INFOPLIST_FILE = VideoPlayer/Info.plist;
				IPHONEOS_DEPLOYMENT_TARGET = 8.0;
				LD_RUNPATH_SEARCH_PATHS = "$(inherited) @executable_path/Frameworks";
				PRODUCT_BUNDLE_IDENTIFIER = com.ydd.demo.live;
				PRODUCT_NAME = "$(TARGET_NAME)";
				PROVISIONING_PROFILE = "";
				PROVISIONING_PROFILE_SPECIFIER = "";
				TARGETED_DEVICE_FAMILY = 1;
				USER_HEADER_SEARCH_PATHS = "${SRCROOT}/**";
				VALID_ARCHS = "arm64 armv7s";
			};
			name = Release;
		};
/* End XCBuildConfiguration section */

/* Begin XCConfigurationList section */
		60B47DBF1FD77DCF00E65992 /* Build configuration list for PBXProject "VideoPlayer" */ = {
			isa = XCConfigurationList;
			buildConfigurations = (
				60B47DD81FD77DCF00E65992 /* Debug */,
				60B47DD91FD77DCF00E65992 /* Release */,
			);
			defaultConfigurationIsVisible = 0;
			defaultConfigurationName = Release;
		};
		60B47DDA1FD77DCF00E65992 /* Build configuration list for PBXNativeTarget "VideoPlayer" */ = {
			isa = XCConfigurationList;
			buildConfigurations = (
				60B47DDB1FD77DCF00E65992 /* Debug */,
				60B47DDC1FD77DCF00E65992 /* Release */,
			);
			defaultConfigurationIsVisible = 0;
			defaultConfigurationName = Release;
		};
/* End XCConfigurationList section */
	};
	rootObject = 60B47DBC1FD77DCF00E65992 /* Project object */;
}
